
Microsoft Visual Studio Solution File, Format Version 12.00
# Visual Studio Version 17
VisualStudioVersion = 17.4.33205.214
MinimumVisualStudioVersion = 10.0.40219.1
Project("{9A19103F-16F7-4668-BE54-9A1E7A4F7556}") = "CarConnect", "CarConnect\CarConnect.csproj", "{ED803F8F-8BD6-4FA8-B374-17B7B9B2DA4A}"
EndProject
Project("{9A19103F-16F7-4668-BE54-9A1E7A4F7556}") = "CarConnectBusinessLogic", "CarConnectBusinessLogic\CarConnectBusinessLogic.csproj", "{74481A46-3343-40FB-A33F-ADF820F3EF0D}"
EndProject
Project("{9A19103F-16F7-4668-BE54-9A1E7A4F7556}") = "CarConnectContracts", "CarConnectContracts\CarConnectContracts.csproj", "{5FB60F3C-1C29-4617-A068-E74E15FEF03E}"
EndProject
Project("{9A19103F-16F7-4668-BE54-9A1E7A4F7556}") = "CarConnectServer", "CarConnectServer\CarConnectServer.csproj", "{97AA14F2-2B8B-4B79-9276-D9D315A3E431}"
EndProject
Project("{9A19103F-16F7-4668-BE54-9A1E7A4F7556}") = "CarConnectDataBase", "CarConnectDataBase\CarConnectDataBase.csproj", "{26889B3D-2004-44FE-9EB7-A381CA047BAC}"
EndProject
Project("{2150E333-8FDC-42A3-9474-1A3956D46DE8}") = "Solution Items", "Solution Items", "{DF16EBF6-2A86-4DA0-A976-4D4968523056}"
	ProjectSection(SolutionItems) = preProject
		.editorconfig = .editorconfig
	EndProjectSection
EndProject
Global
	GlobalSection(SolutionConfigurationPlatforms) = preSolution
		Debug|Any CPU = Debug|Any CPU
		Release|Any CPU = Release|Any CPU
	EndGlobalSection
	GlobalSection(ProjectConfigurationPlatforms) = postSolution
		{ED803F8F-8BD6-4FA8-B374-17B7B9B2DA4A}.Debug|Any CPU.ActiveCfg = Debug|Any CPU
		{ED803F8F-8BD6-4FA8-B374-17B7B9B2DA4A}.Debug|Any CPU.Build.0 = Debug|Any CPU
		{ED803F8F-8BD6-4FA8-B374-17B7B9B2DA4A}.Release|Any CPU.ActiveCfg = Release|Any CPU
		{ED803F8F-8BD6-4FA8-B374-17B7B9B2DA4A}.Release|Any CPU.Build.0 = Release|Any CPU
		{74481A46-3343-40FB-A33F-ADF820F3EF0D}.Debug|Any CPU.ActiveCfg = Debug|Any CPU
		{74481A46-3343-40FB-A33F-ADF820F3EF0D}.Debug|Any CPU.Build.0 = Debug|Any CPU
		{74481A46-3343-40FB-A33F-ADF820F3EF0D}.Release|Any CPU.ActiveCfg = Release|Any CPU
		{74481A46-3343-40FB-A33F-ADF820F3EF0D}.Release|Any CPU.Build.0 = Release|Any CPU
		{5FB60F3C-1C29-4617-A068-E74E15FEF03E}.Debug|Any CPU.ActiveCfg = Debug|Any CPU
		{5FB60F3C-1C29-4617-A068-E74E15FEF03E}.Debug|Any CPU.Build.0 = Debug|Any CPU
		{5FB60F3C-1C29-4617-A068-E74E15FEF03E}.Release|Any CPU.ActiveCfg = Release|Any CPU
		{5FB60F3C-1C29-4617-A068-E74E15FEF03E}.Release|Any CPU.Build.0 = Release|Any CPU
		{97AA14F2-2B8B-4B79-9276-D9D315A3E431}.Debug|Any CPU.ActiveCfg = Debug|Any CPU
		{97AA14F2-2B8B-4B79-9276-D9D315A3E431}.Debug|Any CPU.Build.0 = Debug|Any CPU
		{97AA14F2-2B8B-4B79-9276-D9D315A3E431}.Release|Any CPU.ActiveCfg = Release|Any CPU
		{97AA14F2-2B8B-4B79-9276-D9D315A3E431}.Release|Any CPU.Build.0 = Release|Any CPU
		{26889B3D-2004-44FE-9EB7-A381CA047BAC}.Debug|Any CPU.ActiveCfg = Debug|Any CPU
		{26889B3D-2004-44FE-9EB7-A381CA047BAC}.Debug|Any CPU.Build.0 = Debug|Any CPU
		{26889B3D-2004-44FE-9EB7-A381CA047BAC}.Release|Any CPU.ActiveCfg = Release|Any CPU
		{26889B3D-2004-44FE-9EB7-A381CA047BAC}.Release|Any CPU.Build.0 = Release|Any CPU
	EndGlobalSection
	GlobalSection(SolutionProperties) = preSolution
		HideSolutionNode = FALSE
	EndGlobalSection
	GlobalSection(ExtensibilityGlobals) = postSolution
		SolutionGuid = {F8B896C0-8C5C-49F2-A53A-533046CAFF45}
	EndGlobalSection
EndGlobal
